<?xml version="1.0"?>
<CONFIG>
  <ProjectOptions>
    <Version Value="9"/>
    <PathDelim Value="\"/>
    <General>
      <MainUnit Value="0"/>
      <ResourceType Value="res"/>
      <UseXPManifest Value="True"/>
      <Icon Value="0"/>
      <ActiveWindowIndexAtStart Value="0"/>
    </General>
    <i18n>
      <EnableI18N LFM="False"/>
    </i18n>
    <VersionInfo>
      <StringTable ProductVersion=""/>
    </VersionInfo>
    <BuildModes Count="1" Active="Default">
      <Item1 Name="Default" Default="True"/>
    </BuildModes>
    <PublishOptions>
      <Version Value="2"/>
      <IncludeFileFilter Value="*.(pas|pp|inc|lfm|lpr|lrs|lpi|lpk|sh|xml)"/>
      <ExcludeFileFilter Value="*.(bak|ppu|o|so);*~;backup"/>
    </PublishOptions>
    <RunParams>
      <local>
        <FormatVersion Value="1"/>
      </local>
    </RunParams>
    <RequiredPackages Count="1">
      <Item1>
        <PackageName Value="LCL"/>
      </Item1>
    </RequiredPackages>
    <Units Count="37">
      <Unit0>
        <Filename Value="project1.lpr"/>
        <IsPartOfProject Value="True"/>
        <UnitName Value="project1"/>
        <EditorIndex Value="9"/>
        <WindowIndex Value="0"/>
        <TopLine Value="1"/>
        <CursorPos X="20" Y="11"/>
        <UsageCount Value="109"/>
        <Loaded Value="True"/>
      </Unit0>
      <Unit1>
        <Filename Value="game.pas"/>
        <IsPartOfProject Value="True"/>
        <ComponentName Value="Fgame"/>
        <ResourceBaseClass Value="Form"/>
        <UnitName Value="game"/>
        <IsVisibleTab Value="True"/>
        <EditorIndex Value="0"/>
        <WindowIndex Value="0"/>
        <TopLine Value="241"/>
        <CursorPos X="5" Y="281"/>
        <FoldState Value=" T3k10F12231:"/>
        <UsageCount Value="109"/>
        <Loaded Value="True"/>
        <LoadedDesigner Value="True"/>
      </Unit1>
      <Unit2>
        <Filename Value="C:\lazarus\fpc\2.4.2\source\rtl\objpas\sysutils\sysstrh.inc"/>
        <WindowIndex Value="0"/>
        <TopLine Value="106"/>
        <CursorPos X="10" Y="119"/>
        <UsageCount Value="6"/>
      </Unit2>
      <Unit3>
        <Filename Value="C:\lazarus\fpc\2.4.2\source\rtl\objpas\sysutils\sysstr.inc"/>
        <WindowIndex Value="0"/>
        <TopLine Value="821"/>
        <CursorPos X="73" Y="825"/>
        <UsageCount Value="6"/>
      </Unit3>
      <Unit4>
        <Filename Value="C:\lazarus\lcl\graphics.pp"/>
        <UnitName Value="Graphics"/>
        <WindowIndex Value="0"/>
        <TopLine Value="227"/>
        <CursorPos X="3" Y="240"/>
        <UsageCount Value="4"/>
      </Unit4>
      <Unit5>
        <Filename Value="C:\lazarus\lcl\include\control.inc"/>
        <WindowIndex Value="0"/>
        <TopLine Value="2414"/>
        <CursorPos X="1" Y="2427"/>
        <UsageCount Value="10"/>
      </Unit5>
      <Unit6>
        <Filename Value="C:\lazarus\fpc\2.4.2\source\rtl\objpas\classes\classesh.inc"/>
        <WindowIndex Value="0"/>
        <TopLine Value="1473"/>
        <CursorPos X="15" Y="1483"/>
        <UsageCount Value="10"/>
      </Unit6>
      <Unit7>
        <Filename Value="C:\lazarus\lcl\controls.pp"/>
        <UnitName Value="Controls"/>
        <WindowIndex Value="0"/>
        <TopLine Value="1335"/>
        <CursorPos X="15" Y="1348"/>
        <UsageCount Value="4"/>
      </Unit7>
      <Unit8>
        <Filename Value="C:\lazarus\fpc\2.4.2\source\rtl\inc\mathh.inc"/>
        <WindowIndex Value="0"/>
        <TopLine Value="63"/>
        <CursorPos X="14" Y="76"/>
        <UsageCount Value="4"/>
      </Unit8>
      <Unit9>
        <Filename Value="Unit2.pas"/>
        <IsPartOfProject Value="True"/>
        <UnitName Value="Unit2"/>
        <WindowIndex Value="0"/>
        <TopLine Value="1"/>
        <CursorPos X="1" Y="15"/>
        <UsageCount Value="102"/>
      </Unit9>
      <Unit10>
        <Filename Value="unit1.lfm"/>
        <WindowIndex Value="0"/>
        <TopLine Value="347"/>
        <CursorPos X="25" Y="16"/>
        <UsageCount Value="3"/>
        <DefaultSyntaxHighlighter Value="LFM"/>
      </Unit10>
      <Unit11>
        <Filename Value="C:\FPC\lazarus\lcl\include\control.inc"/>
        <WindowIndex Value="0"/>
        <TopLine Value="2408"/>
        <CursorPos X="1" Y="2427"/>
        <UsageCount Value="29"/>
      </Unit11>
      <Unit12>
        <Filename Value="C:\FPC\lazarus\lcl\include\customimage.inc"/>
        <WindowIndex Value="0"/>
        <TopLine Value="31"/>
        <CursorPos X="1" Y="48"/>
        <UsageCount Value="23"/>
      </Unit12>
      <Unit13>
        <Filename Value="C:\FPC\lazarus\fpc\2.4.2\source\rtl\inc\systemh.inc"/>
        <WindowIndex Value="0"/>
        <TopLine Value="840"/>
        <CursorPos X="11" Y="859"/>
        <UsageCount Value="29"/>
      </Unit13>
      <Unit14>
        <Filename Value="C:\FPC\lazarus\fpc\2.4.2\source\rtl\inc\system.inc"/>
        <WindowIndex Value="0"/>
        <TopLine Value="537"/>
        <CursorPos X="3" Y="545"/>
        <UsageCount Value="25"/>
      </Unit14>
      <Unit15>
        <Filename Value="C:\FPC\lazarus\lcl\customtimer.pas"/>
        <UnitName Value="CustomTimer"/>
        <WindowIndex Value="0"/>
        <TopLine Value="140"/>
        <CursorPos X="1" Y="157"/>
        <UsageCount Value="23"/>
      </Unit15>
      <Unit16>
        <Filename Value="C:\FPC\lazarus\lcl\interfaces\win32\win32callback.inc"/>
        <WindowIndex Value="0"/>
        <TopLine Value="2681"/>
        <CursorPos X="21" Y="2692"/>
        <UsageCount Value="23"/>
      </Unit16>
      <Unit17>
        <Filename Value="mainmenu.pas"/>
        <IsPartOfProject Value="True"/>
        <ComponentName Value="Fmenu"/>
        <ResourceBaseClass Value="Form"/>
        <UnitName Value="mainmenu"/>
        <EditorIndex Value="6"/>
        <WindowIndex Value="0"/>
        <TopLine Value="90"/>
        <CursorPos X="3" Y="106"/>
        <UsageCount Value="61"/>
        <Loaded Value="True"/>
        <LoadedDesigner Value="True"/>
      </Unit17>
      <Unit18>
        <Filename Value="C:\FPC\lazarus\lcl\include\customform.inc"/>
        <WindowIndex Value="0"/>
        <TopLine Value="858"/>
        <CursorPos X="1" Y="877"/>
        <UsageCount Value="12"/>
      </Unit18>
      <Unit19>
        <Filename Value="C:\FPC\lazarus\lcl\controls.pp"/>
        <UnitName Value="Controls"/>
        <WindowIndex Value="0"/>
        <TopLine Value="1204"/>
        <CursorPos X="14" Y="1223"/>
        <UsageCount Value="14"/>
      </Unit19>
      <Unit20>
        <Filename Value="errorreporting.pas"/>
        <IsPartOfProject Value="True"/>
        <ComponentName Value="Error"/>
        <ResourceBaseClass Value="Form"/>
        <UnitName Value="errorreporting"/>
        <EditorIndex Value="8"/>
        <WindowIndex Value="0"/>
        <TopLine Value="6"/>
        <CursorPos X="9" Y="35"/>
        <UsageCount Value="49"/>
        <Loaded Value="True"/>
        <LoadedDesigner Value="True"/>
      </Unit20>
      <Unit21>
        <Filename Value="input.pas"/>
        <IsPartOfProject Value="True"/>
        <ComponentName Value="input"/>
        <ResourceBaseClass Value="Form"/>
        <UnitName Value="input"/>
        <EditorIndex Value="7"/>
        <WindowIndex Value="0"/>
        <TopLine Value="21"/>
        <CursorPos X="76" Y="63"/>
        <UsageCount Value="48"/>
        <Loaded Value="True"/>
        <LoadedDesigner Value="True"/>
      </Unit21>
      <Unit22>
        <Filename Value="highscore.pas"/>
        <IsPartOfProject Value="True"/>
        <ComponentName Value="highScore"/>
        <ResourceBaseClass Value="Form"/>
        <UnitName Value="highscore"/>
        <EditorIndex Value="5"/>
        <WindowIndex Value="0"/>
        <TopLine Value="106"/>
        <CursorPos X="3" Y="110"/>
        <UsageCount Value="46"/>
        <Loaded Value="True"/>
        <LoadedDesigner Value="True"/>
      </Unit22>
      <Unit23>
        <Filename Value="helpers.pas"/>
        <IsPartOfProject Value="True"/>
        <UnitName Value="helpers"/>
        <EditorIndex Value="4"/>
        <WindowIndex Value="0"/>
        <TopLine Value="16"/>
        <CursorPos X="20" Y="50"/>
        <UsageCount Value="45"/>
        <Loaded Value="True"/>
      </Unit23>
      <Unit24>
        <Filename Value="ballhandler.pas"/>
        <IsPartOfProject Value="True"/>
        <UnitName Value="ballhandler"/>
        <EditorIndex Value="2"/>
        <WindowIndex Value="0"/>
        <TopLine Value="130"/>
        <CursorPos X="40" Y="93"/>
        <UsageCount Value="45"/>
        <Loaded Value="True"/>
      </Unit24>
      <Unit25>
        <Filename Value="C:\FPC\lazarus\fpc\2.4.2\source\rtl\inc\objpash.inc"/>
        <WindowIndex Value="0"/>
        <TopLine Value="166"/>
        <CursorPos X="23" Y="185"/>
        <UsageCount Value="10"/>
      </Unit25>
      <Unit26>
        <Filename Value="C:\FPC\lazarus\lcl\graphics.pp"/>
        <UnitName Value="Graphics"/>
        <WindowIndex Value="0"/>
        <TopLine Value="1872"/>
        <CursorPos X="43" Y="1891"/>
        <UsageCount Value="10"/>
      </Unit26>
      <Unit27>
        <Filename Value="C:\FPC\lazarus\fpc\2.4.2\source\rtl\objpas\classes\classesh.inc"/>
        <WindowIndex Value="0"/>
        <TopLine Value="370"/>
        <CursorPos X="15" Y="389"/>
        <UsageCount Value="13"/>
      </Unit27>
      <Unit28>
        <Filename Value="C:\FPC\lazarus\lcl\forms.pp"/>
        <UnitName Value="Forms"/>
        <WindowIndex Value="0"/>
        <TopLine Value="588"/>
        <CursorPos X="18" Y="607"/>
        <UsageCount Value="15"/>
      </Unit28>
      <Unit29>
        <Filename Value="C:\FPC\lazarus\fpc\2.4.2\source\rtl\objpas\objpas.pp"/>
        <UnitName Value="objpas"/>
        <WindowIndex Value="0"/>
        <TopLine Value="9"/>
        <CursorPos X="8" Y="28"/>
        <UsageCount Value="10"/>
      </Unit29>
      <Unit30>
        <Filename Value="C:\FPC\lazarus\fpc\2.4.2\source\rtl\win\wininc\defines.inc"/>
        <WindowIndex Value="0"/>
        <TopLine Value="4609"/>
        <CursorPos X="6" Y="4628"/>
        <UsageCount Value="10"/>
      </Unit30>
      <Unit31>
        <Filename Value="bonushandler.pas"/>
        <IsPartOfProject Value="True"/>
        <UnitName Value="bonushandler"/>
        <EditorIndex Value="3"/>
        <WindowIndex Value="0"/>
        <TopLine Value="13"/>
        <CursorPos X="1" Y="26"/>
        <UsageCount Value="32"/>
        <Loaded Value="True"/>
      </Unit31>
      <Unit32>
        <Filename Value="mainmenu.lfm"/>
        <WindowIndex Value="0"/>
        <TopLine Value="1"/>
        <CursorPos X="1" Y="1"/>
        <UsageCount Value="10"/>
        <DefaultSyntaxHighlighter Value="LFM"/>
      </Unit32>
      <Unit33>
        <Filename Value="log.pas"/>
        <IsPartOfProject Value="True"/>
        <UnitName Value="log"/>
        <EditorIndex Value="1"/>
        <WindowIndex Value="0"/>
        <TopLine Value="12"/>
        <CursorPos X="1" Y="46"/>
        <UsageCount Value="30"/>
        <Loaded Value="True"/>
      </Unit33>
      <Unit34>
        <Filename Value="mythreads.pas"/>
        <IsPartOfProject Value="True"/>
        <UnitName Value="MyThreads"/>
        <WindowIndex Value="0"/>
        <TopLine Value="1"/>
        <CursorPos X="13" Y="35"/>
        <UsageCount Value="26"/>
      </Unit34>
      <Unit35>
        <Filename Value="C:\lazarus\lcl\include\wincontrol.inc"/>
        <WindowIndex Value="0"/>
        <TopLine Value="3475"/>
        <CursorPos X="1" Y="3496"/>
        <UsageCount Value="10"/>
      </Unit35>
      <Unit36>
        <Filename Value="C:\FPC\lazarus\lcl\include\wincontrol.inc"/>
        <WindowIndex Value="0"/>
        <TopLine Value="4690"/>
        <CursorPos X="1" Y="4709"/>
        <UsageCount Value="10"/>
      </Unit36>
    </Units>
    <JumpHistory Count="21" HistoryIndex="20">
      <Position1>
        <Filename Value="game.pas"/>
        <Caret Line="270" Column="26" TopLine="251"/>
      </Position1>
      <Position2>
        <Filename Value="game.pas"/>
        <Caret Line="264" Column="6" TopLine="251"/>
      </Position2>
      <Position3>
        <Filename Value="game.pas"/>
        <Caret Line="268" Column="15" TopLine="251"/>
      </Position3>
      <Position4>
        <Filename Value="game.pas"/>
        <Caret Line="9" Column="73" TopLine="1"/>
      </Position4>
      <Position5>
        <Filename Value="game.pas"/>
        <Caret Line="264" Column="12" TopLine="251"/>
      </Position5>
      <Position6>
        <Filename Value="game.pas"/>
        <Caret Line="270" Column="43" TopLine="253"/>
      </Position6>
      <Position7>
        <Filename Value="game.pas"/>
        <Caret Line="271" Column="30" TopLine="251"/>
      </Position7>
      <Position8>
        <Filename Value="game.pas"/>
        <Caret Line="260" Column="38" TopLine="251"/>
      </Position8>
      <Position9>
        <Filename Value="game.pas"/>
        <Caret Line="272" Column="26" TopLine="257"/>
      </Position9>
      <Position10>
        <Filename Value="log.pas"/>
        <Caret Line="17" Column="15" TopLine="1"/>
      </Position10>
      <Position11>
        <Filename Value="ballhandler.pas"/>
        <Caret Line="105" Column="21" TopLine="92"/>
      </Position11>
      <Position12>
        <Filename Value="bonushandler.pas"/>
        <Caret Line="26" Column="1" TopLine="13"/>
      </Position12>
      <Position13>
        <Filename Value="game.pas"/>
        <Caret Line="267" Column="17" TopLine="252"/>
      </Position13>
      <Position14>
        <Filename Value="game.pas"/>
        <Caret Line="271" Column="25" TopLine="260"/>
      </Position14>
      <Position15>
        <Filename Value="game.pas"/>
        <Caret Line="272" Column="86" TopLine="260"/>
      </Position15>
      <Position16>
        <Filename Value="game.pas"/>
        <Caret Line="60" Column="27" TopLine="54"/>
      </Position16>
      <Position17>
        <Filename Value="game.pas"/>
        <Caret Line="272" Column="85" TopLine="245"/>
      </Position17>
      <Position18>
        <Filename Value="log.pas"/>
        <Caret Line="46" Column="1" TopLine="12"/>
      </Position18>
      <Position19>
        <Filename Value="game.pas"/>
        <Caret Line="265" Column="7" TopLine="260"/>
      </Position19>
      <Position20>
        <Filename Value="game.pas"/>
        <Caret Line="212" Column="58" TopLine="173"/>
      </Position20>
      <Position21>
        <Filename Value="game.pas"/>
        <Caret Line="63" Column="8" TopLine="42"/>
      </Position21>
    </JumpHistory>
  </ProjectOptions>
  <CompilerOptions>
    <Version Value="9"/>
    <PathDelim Value="\"/>
    <Target>
      <Filename Value="project1"/>
    </Target>
    <SearchPaths>
      <IncludeFiles Value="$(ProjOutDir)"/>
      <UnitOutputDirectory Value="lib\$(TargetCPU)-$(TargetOS)"/>
    </SearchPaths>
    <Linking>
      <Options>
        <Win32>
          <GraphicApplication Value="True"/>
        </Win32>
      </Options>
    </Linking>
    <Other>
      <CompilerPath Value="$(CompPath)"/>
    </Other>
  </CompilerOptions>
  <Debugging>
    <Watches Count="1">
      <Item1>
        <Expression Value="lopta"/>
        <DisplayStyle Value="wdfStructure"/>
      </Item1>
    </Watches>
    <Exceptions Count="3">
      <Item1>
        <Name Value="EAbort"/>
      </Item1>
      <Item2>
        <Name Value="ECodetoolError"/>
      </Item2>
      <Item3>
        <Name Value="EFOpenError"/>
      </Item3>
    </Exceptions>
  </Debugging>
</CONFIG>
